// !$*UTF8*$!
{
	archiveVersion = 1;
	classes = {
	};
	objectVersion = 56;
	objects = {

/* Begin PBXBuildFile section */
		566A25D52A5F215500DE959E /* Generated in Resources */ = {isa = PBXBuildFile; fileRef = 566A25D42A5F215500DE959E /* Generated */; };
		566A25D82A64625600DE959E /* StartMenuViewController.swift in Sources */ = {isa = PBXBuildFile; fileRef = 566A25D72A64625600DE959E /* StartMenuViewController.swift */; };
		566A25DA2A6469FB00DE959E /* TabBar.swift in Sources */ = {isa = PBXBuildFile; fileRef = 566A25D92A6469FB00DE959E /* TabBar.swift */; };
		566A25DC2A64721B00DE959E /* SocialTableViewViewController.swift in Sources */ = {isa = PBXBuildFile; fileRef = 566A25DB2A64721B00DE959E /* SocialTableViewViewController.swift */; };
		566A25DE2A64735100DE959E /* ProfileViewController.swift in Sources */ = {isa = PBXBuildFile; fileRef = 566A25DD2A64735100DE959E /* ProfileViewController.swift */; };
		567EA0872A5EEB57005DD8B6 /* AppDelegate.swift in Sources */ = {isa = PBXBuildFile; fileRef = 567EA0862A5EEB57005DD8B6 /* AppDelegate.swift */; };
		567EA0892A5EEB57005DD8B6 /* SceneDelegate.swift in Sources */ = {isa = PBXBuildFile; fileRef = 567EA0882A5EEB57005DD8B6 /* SceneDelegate.swift */; };
		567EA08B2A5EEB57005DD8B6 /* ViewController.swift in Sources */ = {isa = PBXBuildFile; fileRef = 567EA08A2A5EEB57005DD8B6 /* ViewController.swift */; };
		567EA08E2A5EEB57005DD8B6 /* Main.storyboard in Resources */ = {isa = PBXBuildFile; fileRef = 567EA08C2A5EEB57005DD8B6 /* Main.storyboard */; };
		567EA0902A5EEB58005DD8B6 /* Assets.xcassets in Resources */ = {isa = PBXBuildFile; fileRef = 567EA08F2A5EEB58005DD8B6 /* Assets.xcassets */; };
		567EA0932A5EEB58005DD8B6 /* LaunchScreen.storyboard in Resources */ = {isa = PBXBuildFile; fileRef = 567EA0912A5EEB58005DD8B6 /* LaunchScreen.storyboard */; };
		567EA0A12A5F1C4F005DD8B6 /* swiftgen.yml in Resources */ = {isa = PBXBuildFile; fileRef = 567EA0A02A5F1C4F005DD8B6 /* swiftgen.yml */; };
		567EA0A62A5F1FC8005DD8B6 /* Colors.xcassets in Resources */ = {isa = PBXBuildFile; fileRef = 567EA0A52A5F1FC8005DD8B6 /* Colors.xcassets */; };
		643F9EEF2A80D85000AAD7EB /* CustomFloatingLabelInput.swift in Sources */ = {isa = PBXBuildFile; fileRef = 643F9EEE2A80D85000AAD7EB /* CustomFloatingLabelInput.swift */; };
		643F9EF42A810F2900AAD7EB /* PizzaStyleModel.swift in Sources */ = {isa = PBXBuildFile; fileRef = 643F9EF32A810F2900AAD7EB /* PizzaStyleModel.swift */; };
		643F9EF62A810F8400AAD7EB /* YeastTypeModel.swift in Sources */ = {isa = PBXBuildFile; fileRef = 643F9EF52A810F8400AAD7EB /* YeastTypeModel.swift */; };
		643F9EF82A8275D200AAD7EB /* RealmConfig.swift in Sources */ = {isa = PBXBuildFile; fileRef = 643F9EF72A8275D200AAD7EB /* RealmConfig.swift */; };
		6494A17D2A77DFA4002DC2A9 /* PizzaCalculatorViewController.swift in Sources */ = {isa = PBXBuildFile; fileRef = 6494A17C2A77DFA4002DC2A9 /* PizzaCalculatorViewController.swift */; };
		6494A1802A77E0E0002DC2A9 /* CustomTextField.swift in Sources */ = {isa = PBXBuildFile; fileRef = 6494A17F2A77E0E0002DC2A9 /* CustomTextField.swift */; };
		6494A1822A77E103002DC2A9 /* CustomDropDown.swift in Sources */ = {isa = PBXBuildFile; fileRef = 6494A1812A77E103002DC2A9 /* CustomDropDown.swift */; };
		6494A1842A77E11F002DC2A9 /* CustomButton.swift in Sources */ = {isa = PBXBuildFile; fileRef = 6494A1832A77E11F002DC2A9 /* CustomButton.swift */; };
		64970CF72A83BCC600FD90B1 /* PizzaCalculatorViewModel.swift in Sources */ = {isa = PBXBuildFile; fileRef = 64970CF62A83BCC600FD90B1 /* PizzaCalculatorViewModel.swift */; };
		CB743CA3F3EE11DB590F7043 /* Pods_PizzaCalculator.framework in Frameworks */ = {isa = PBXBuildFile; fileRef = 3FF6036E069505EA3CBA6912 /* Pods_PizzaCalculator.framework */; };
/* End PBXBuildFile section */

/* Begin PBXFileReference section */
		3FF6036E069505EA3CBA6912 /* Pods_PizzaCalculator.framework */ = {isa = PBXFileReference; explicitFileType = wrapper.framework; includeInIndex = 0; path = Pods_PizzaCalculator.framework; sourceTree = BUILT_PRODUCTS_DIR; };
		566A25D42A5F215500DE959E /* Generated */ = {isa = PBXFileReference; lastKnownFileType = folder; path = Generated; sourceTree = "<group>"; };
		566A25D72A64625600DE959E /* StartMenuViewController.swift */ = {isa = PBXFileReference; lastKnownFileType = sourcecode.swift; path = StartMenuViewController.swift; sourceTree = "<group>"; };
		566A25D92A6469FB00DE959E /* TabBar.swift */ = {isa = PBXFileReference; lastKnownFileType = sourcecode.swift; path = TabBar.swift; sourceTree = "<group>"; };
		566A25DB2A64721B00DE959E /* SocialTableViewViewController.swift */ = {isa = PBXFileReference; lastKnownFileType = sourcecode.swift; path = SocialTableViewViewController.swift; sourceTree = "<group>"; };
		566A25DD2A64735100DE959E /* ProfileViewController.swift */ = {isa = PBXFileReference; lastKnownFileType = sourcecode.swift; path = ProfileViewController.swift; sourceTree = "<group>"; };
		567EA0832A5EEB57005DD8B6 /* PizzaCalculator.app */ = {isa = PBXFileReference; explicitFileType = wrapper.application; includeInIndex = 0; path = PizzaCalculator.app; sourceTree = BUILT_PRODUCTS_DIR; };
		567EA0862A5EEB57005DD8B6 /* AppDelegate.swift */ = {isa = PBXFileReference; lastKnownFileType = sourcecode.swift; path = AppDelegate.swift; sourceTree = "<group>"; };
		567EA0882A5EEB57005DD8B6 /* SceneDelegate.swift */ = {isa = PBXFileReference; lastKnownFileType = sourcecode.swift; path = SceneDelegate.swift; sourceTree = "<group>"; };
		567EA08A2A5EEB57005DD8B6 /* ViewController.swift */ = {isa = PBXFileReference; lastKnownFileType = sourcecode.swift; path = ViewController.swift; sourceTree = "<group>"; };
		567EA08D2A5EEB57005DD8B6 /* Base */ = {isa = PBXFileReference; lastKnownFileType = file.storyboard; name = Base; path = Base.lproj/Main.storyboard; sourceTree = "<group>"; };
		567EA08F2A5EEB58005DD8B6 /* Assets.xcassets */ = {isa = PBXFileReference; lastKnownFileType = folder.assetcatalog; path = Assets.xcassets; sourceTree = "<group>"; };
		567EA0922A5EEB58005DD8B6 /* Base */ = {isa = PBXFileReference; lastKnownFileType = file.storyboard; name = Base; path = Base.lproj/LaunchScreen.storyboard; sourceTree = "<group>"; };
		567EA0942A5EEB58005DD8B6 /* Info.plist */ = {isa = PBXFileReference; lastKnownFileType = text.plist.xml; path = Info.plist; sourceTree = "<group>"; };
		567EA0A02A5F1C4F005DD8B6 /* swiftgen.yml */ = {isa = PBXFileReference; fileEncoding = 4; lastKnownFileType = text.yaml; path = swiftgen.yml; sourceTree = "<group>"; };
		567EA0A52A5F1FC8005DD8B6 /* Colors.xcassets */ = {isa = PBXFileReference; lastKnownFileType = folder.assetcatalog; path = Colors.xcassets; sourceTree = "<group>"; };
		5F30EECDFE050905F1D5AF0F /* Pods-PizzaCalculator.release.xcconfig */ = {isa = PBXFileReference; includeInIndex = 1; lastKnownFileType = text.xcconfig; name = "Pods-PizzaCalculator.release.xcconfig"; path = "Target Support Files/Pods-PizzaCalculator/Pods-PizzaCalculator.release.xcconfig"; sourceTree = "<group>"; };
		643F9EEE2A80D85000AAD7EB /* CustomFloatingLabelInput.swift */ = {isa = PBXFileReference; lastKnownFileType = sourcecode.swift; path = CustomFloatingLabelInput.swift; sourceTree = "<group>"; };
		643F9EF32A810F2900AAD7EB /* PizzaStyleModel.swift */ = {isa = PBXFileReference; lastKnownFileType = sourcecode.swift; path = PizzaStyleModel.swift; sourceTree = "<group>"; };
		643F9EF52A810F8400AAD7EB /* YeastTypeModel.swift */ = {isa = PBXFileReference; lastKnownFileType = sourcecode.swift; path = YeastTypeModel.swift; sourceTree = "<group>"; };
		643F9EF72A8275D200AAD7EB /* RealmConfig.swift */ = {isa = PBXFileReference; lastKnownFileType = sourcecode.swift; path = RealmConfig.swift; sourceTree = "<group>"; };
		6494A17C2A77DFA4002DC2A9 /* PizzaCalculatorViewController.swift */ = {isa = PBXFileReference; lastKnownFileType = sourcecode.swift; path = PizzaCalculatorViewController.swift; sourceTree = "<group>"; };
		6494A17F2A77E0E0002DC2A9 /* CustomTextField.swift */ = {isa = PBXFileReference; lastKnownFileType = sourcecode.swift; path = CustomTextField.swift; sourceTree = "<group>"; };
		6494A1812A77E103002DC2A9 /* CustomDropDown.swift */ = {isa = PBXFileReference; lastKnownFileType = sourcecode.swift; path = CustomDropDown.swift; sourceTree = "<group>"; };
		6494A1832A77E11F002DC2A9 /* CustomButton.swift */ = {isa = PBXFileReference; lastKnownFileType = sourcecode.swift; path = CustomButton.swift; sourceTree = "<group>"; };
		64970CF62A83BCC600FD90B1 /* PizzaCalculatorViewModel.swift */ = {isa = PBXFileReference; lastKnownFileType = sourcecode.swift; path = PizzaCalculatorViewModel.swift; sourceTree = "<group>"; };
		B043B06D5BB5EF4C9266D9A8 /* Pods-PizzaCalculator.debug.xcconfig */ = {isa = PBXFileReference; includeInIndex = 1; lastKnownFileType = text.xcconfig; name = "Pods-PizzaCalculator.debug.xcconfig"; path = "Target Support Files/Pods-PizzaCalculator/Pods-PizzaCalculator.debug.xcconfig"; sourceTree = "<group>"; };
/* End PBXFileReference section */

/* Begin PBXFrameworksBuildPhase section */
		567EA0802A5EEB57005DD8B6 /* Frameworks */ = {
			isa = PBXFrameworksBuildPhase;
			buildActionMask = 2147483647;
			files = (
				CB743CA3F3EE11DB590F7043 /* Pods_PizzaCalculator.framework in Frameworks */,
			);
			runOnlyForDeploymentPostprocessing = 0;
		};
/* End PBXFrameworksBuildPhase section */

/* Begin PBXGroup section */
		566A25D62A64624000DE959E /* ViewController */ = {
			isa = PBXGroup;
			children = (
				566A25D72A64625600DE959E /* StartMenuViewController.swift */,
				566A25DB2A64721B00DE959E /* SocialTableViewViewController.swift */,
				566A25DD2A64735100DE959E /* ProfileViewController.swift */,
				6494A17C2A77DFA4002DC2A9 /* PizzaCalculatorViewController.swift */,
			);
			path = ViewController;
			sourceTree = "<group>";
		};
		567EA07A2A5EEB57005DD8B6 = {
			isa = PBXGroup;
			children = (
				567EA0A02A5F1C4F005DD8B6 /* swiftgen.yml */,
				567EA0852A5EEB57005DD8B6 /* PizzaCalculator */,
				567EA0842A5EEB57005DD8B6 /* Products */,
				5E362F7281E23B4A2B194459 /* Pods */,
				5C06B33B04B12A885BC6DDCA /* Frameworks */,
			);
			sourceTree = "<group>";
		};
		567EA0842A5EEB57005DD8B6 /* Products */ = {
			isa = PBXGroup;
			children = (
				567EA0832A5EEB57005DD8B6 /* PizzaCalculator.app */,
			);
			name = Products;
			sourceTree = "<group>";
		};
		567EA0852A5EEB57005DD8B6 /* PizzaCalculator */ = {
			isa = PBXGroup;
			children = (
				643F9EF22A810EF400AAD7EB /* Services */,
				643F9EF12A810EEC00AAD7EB /* ViewModels */,
				643F9EF02A810EE400AAD7EB /* Models */,
				6494A17E2A77E0B7002DC2A9 /* CustomComponents */,
				566A25D62A64624000DE959E /* ViewController */,
				566A25D42A5F215500DE959E /* Generated */,
				567EA0862A5EEB57005DD8B6 /* AppDelegate.swift */,
				567EA0882A5EEB57005DD8B6 /* SceneDelegate.swift */,
				567EA08A2A5EEB57005DD8B6 /* ViewController.swift */,
				567EA08C2A5EEB57005DD8B6 /* Main.storyboard */,
				567EA0912A5EEB58005DD8B6 /* LaunchScreen.storyboard */,
				567EA08F2A5EEB58005DD8B6 /* Assets.xcassets */,
				567EA0A52A5F1FC8005DD8B6 /* Colors.xcassets */,
				567EA0942A5EEB58005DD8B6 /* Info.plist */,
				566A25D92A6469FB00DE959E /* TabBar.swift */,
			);
			path = PizzaCalculator;
			sourceTree = "<group>";
		};
		5C06B33B04B12A885BC6DDCA /* Frameworks */ = {
			isa = PBXGroup;
			children = (
				3FF6036E069505EA3CBA6912 /* Pods_PizzaCalculator.framework */,
			);
			name = Frameworks;
			sourceTree = "<group>";
		};
		5E362F7281E23B4A2B194459 /* Pods */ = {
			isa = PBXGroup;
			children = (
				B043B06D5BB5EF4C9266D9A8 /* Pods-PizzaCalculator.debug.xcconfig */,
				5F30EECDFE050905F1D5AF0F /* Pods-PizzaCalculator.release.xcconfig */,
			);
			path = Pods;
			sourceTree = "<group>";
		};
		643F9EF02A810EE400AAD7EB /* Models */ = {
			isa = PBXGroup;
			children = (
				643F9EF32A810F2900AAD7EB /* PizzaStyleModel.swift */,
				643F9EF52A810F8400AAD7EB /* YeastTypeModel.swift */,
				643F9EF72A8275D200AAD7EB /* RealmConfig.swift */,
			);
			path = Models;
			sourceTree = "<group>";
		};
		643F9EF12A810EEC00AAD7EB /* ViewModels */ = {
			isa = PBXGroup;
			children = (
				64970CF62A83BCC600FD90B1 /* PizzaCalculatorViewModel.swift */,
			);
			path = ViewModels;
			sourceTree = "<group>";
		};
		643F9EF22A810EF400AAD7EB /* Services */ = {
			isa = PBXGroup;
			children = (
			);
			path = Services;
			sourceTree = "<group>";
		};
		6494A17E2A77E0B7002DC2A9 /* CustomComponents */ = {
			isa = PBXGroup;
			children = (
				6494A17F2A77E0E0002DC2A9 /* CustomTextField.swift */,
				6494A1812A77E103002DC2A9 /* CustomDropDown.swift */,
				6494A1832A77E11F002DC2A9 /* CustomButton.swift */,
				643F9EEE2A80D85000AAD7EB /* CustomFloatingLabelInput.swift */,
			);
			path = CustomComponents;
			sourceTree = "<group>";
		};
/* End PBXGroup section */

/* Begin PBXNativeTarget section */
		567EA0822A5EEB57005DD8B6 /* PizzaCalculator */ = {
			isa = PBXNativeTarget;
			buildConfigurationList = 567EA0972A5EEB58005DD8B6 /* Build configuration list for PBXNativeTarget "PizzaCalculator" */;
			buildPhases = (
				9DAE1BC812D9A02B8F473FD4 /* [CP] Check Pods Manifest.lock */,
				567EA0A42A5F1CCF005DD8B6 /* SwiftGen */,
				567EA07F2A5EEB57005DD8B6 /* Sources */,
				567EA0802A5EEB57005DD8B6 /* Frameworks */,
				567EA0812A5EEB57005DD8B6 /* Resources */,
				35F333B45411956F933D1554 /* [CP] Embed Pods Frameworks */,
			);
			buildRules = (
			);
			dependencies = (
			);
			name = PizzaCalculator;
			productName = PizzaCalculuator;
			productReference = 567EA0832A5EEB57005DD8B6 /* PizzaCalculator.app */;
			productType = "com.apple.product-type.application";
		};
/* End PBXNativeTarget section */

/* Begin PBXProject section */
		567EA07B2A5EEB57005DD8B6 /* Project object */ = {
			isa = PBXProject;
			attributes = {
				BuildIndependentTargetsInParallel = 1;
				LastSwiftUpdateCheck = 1430;
				LastUpgradeCheck = 1430;
				TargetAttributes = {
					567EA0822A5EEB57005DD8B6 = {
						CreatedOnToolsVersion = 14.3;
					};
				};
			};
			buildConfigurationList = 567EA07E2A5EEB57005DD8B6 /* Build configuration list for PBXProject "PizzaCalculator" */;
			compatibilityVersion = "Xcode 14.0";
			developmentRegion = en;
			hasScannedForEncodings = 0;
			knownRegions = (
				en,
				Base,
			);
			mainGroup = 567EA07A2A5EEB57005DD8B6;
			productRefGroup = 567EA0842A5EEB57005DD8B6 /* Products */;
			projectDirPath = "";
			projectRoot = "";
			targets = (
				567EA0822A5EEB57005DD8B6 /* PizzaCalculator */,
			);
		};
/* End PBXProject section */

/* Begin PBXResourcesBuildPhase section */
		567EA0812A5EEB57005DD8B6 /* Resources */ = {
			isa = PBXResourcesBuildPhase;
			buildActionMask = 2147483647;
			files = (
				567EA0932A5EEB58005DD8B6 /* LaunchScreen.storyboard in Resources */,
				567EA0902A5EEB58005DD8B6 /* Assets.xcassets in Resources */,
				566A25D52A5F215500DE959E /* Generated in Resources */,
				567EA0A62A5F1FC8005DD8B6 /* Colors.xcassets in Resources */,
				567EA08E2A5EEB57005DD8B6 /* Main.storyboard in Resources */,
				567EA0A12A5F1C4F005DD8B6 /* swiftgen.yml in Resources */,
			);
			runOnlyForDeploymentPostprocessing = 0;
		};
/* End PBXResourcesBuildPhase section */

/* Begin PBXShellScriptBuildPhase section */
		35F333B45411956F933D1554 /* [CP] Embed Pods Frameworks */ = {
			isa = PBXShellScriptBuildPhase;
			buildActionMask = 2147483647;
			files = (
			);
			inputFileListPaths = (
				"${PODS_ROOT}/Target Support Files/Pods-PizzaCalculator/Pods-PizzaCalculator-frameworks-${CONFIGURATION}-input-files.xcfilelist",
			);
			name = "[CP] Embed Pods Frameworks";
			outputFileListPaths = (
				"${PODS_ROOT}/Target Support Files/Pods-PizzaCalculator/Pods-PizzaCalculator-frameworks-${CONFIGURATION}-output-files.xcfilelist",
			);
			runOnlyForDeploymentPostprocessing = 0;
			shellPath = /bin/sh;
			shellScript = "\"${PODS_ROOT}/Target Support Files/Pods-PizzaCalculator/Pods-PizzaCalculator-frameworks.sh\"\n";
			showEnvVarsInLog = 0;
		};
		567EA0A42A5F1CCF005DD8B6 /* SwiftGen */ = {
			isa = PBXShellScriptBuildPhase;
			buildActionMask = 2147483647;
			files = (
			);
			inputFileListPaths = (
			);
			inputPaths = (
			);
			name = SwiftGen;
			outputFileListPaths = (
			);
			outputPaths = (
			);
			runOnlyForDeploymentPostprocessing = 0;
			shellPath = /bin/sh;
			shellScript = "if [[ -f \"${PODS_ROOT}/SwiftGen/bin/swiftgen\" ]]; then\n  \"${PODS_ROOT}/SwiftGen/bin/swiftgen\"\nelse\n  echo \"warning: SwiftGen is not installed. Run 'pod install --repo-update' to install it.\"\nfi \n";
		};
		9DAE1BC812D9A02B8F473FD4 /* [CP] Check Pods Manifest.lock */ = {
			isa = PBXShellScriptBuildPhase;
			buildActionMask = 2147483647;
			files = (
			);
			inputFileListPaths = (
			);
			inputPaths = (
				"${PODS_PODFILE_DIR_PATH}/Podfile.lock",
				"${PODS_ROOT}/Manifest.lock",
			);
			name = "[CP] Check Pods Manifest.lock";
			outputFileListPaths = (
			);
			outputPaths = (
				"$(DERIVED_FILE_DIR)/Pods-PizzaCalculator-checkManifestLockResult.txt",
			);
			runOnlyForDeploymentPostprocessing = 0;
			shellPath = /bin/sh;
			shellScript = "diff \"${PODS_PODFILE_DIR_PATH}/Podfile.lock\" \"${PODS_ROOT}/Manifest.lock\" > /dev/null\nif [ $? != 0 ] ; then\n    # print error to STDERR\n    echo \"error: The sandbox is not in sync with the Podfile.lock. Run 'pod install' or update your CocoaPods installation.\" >&2\n    exit 1\nfi\n# This output is used by Xcode 'outputs' to avoid re-running this script phase.\necho \"SUCCESS\" > \"${SCRIPT_OUTPUT_FILE_0}\"\n";
			showEnvVarsInLog = 0;
		};
/* End PBXShellScriptBuildPhase section */

/* Begin PBXSourcesBuildPhase section */
		567EA07F2A5EEB57005DD8B6 /* Sources */ = {
			isa = PBXSourcesBuildPhase;
			buildActionMask = 2147483647;
			files = (
				643F9EF42A810F2900AAD7EB /* PizzaStyleModel.swift in Sources */,
				643F9EEF2A80D85000AAD7EB /* CustomFloatingLabelInput.swift in Sources */,
				643F9EF82A8275D200AAD7EB /* RealmConfig.swift in Sources */,
				567EA08B2A5EEB57005DD8B6 /* ViewController.swift in Sources */,
				567EA0872A5EEB57005DD8B6 /* AppDelegate.swift in Sources */,
				643F9EF62A810F8400AAD7EB /* YeastTypeModel.swift in Sources */,
				566A25D82A64625600DE959E /* StartMenuViewController.swift in Sources */,
				6494A1822A77E103002DC2A9 /* CustomDropDown.swift in Sources */,
				567EA0892A5EEB57005DD8B6 /* SceneDelegate.swift in Sources */,
				566A25DE2A64735100DE959E /* ProfileViewController.swift in Sources */,
				6494A17D2A77DFA4002DC2A9 /* PizzaCalculatorViewController.swift in Sources */,
				6494A1842A77E11F002DC2A9 /* CustomButton.swift in Sources */,
				566A25DA2A6469FB00DE959E /* TabBar.swift in Sources */,
				64970CF72A83BCC600FD90B1 /* PizzaCalculatorViewModel.swift in Sources */,
				566A25DC2A64721B00DE959E /* SocialTableViewViewController.swift in Sources */,
				6494A1802A77E0E0002DC2A9 /* CustomTextField.swift in Sources */,
			);
			runOnlyForDeploymentPostprocessing = 0;
		};
/* End PBXSourcesBuildPhase section */

/* Begin PBXVariantGroup section */
		567EA08C2A5EEB57005DD8B6 /* Main.storyboard */ = {
			isa = PBXVariantGroup;
			children = (
				567EA08D2A5EEB57005DD8B6 /* Base */,
			);
			name = Main.storyboard;
			sourceTree = "<group>";
		};
		567EA0912A5EEB58005DD8B6 /* LaunchScreen.storyboard */ = {
			isa = PBXVariantGroup;
			children = (
				567EA0922A5EEB58005DD8B6 /* Base */,
			);
			name = LaunchScreen.storyboard;
			sourceTree = "<group>";
		};
/* End PBXVariantGroup section */

/* Begin XCBuildConfiguration section */
		567EA0952A5EEB58005DD8B6 /* Debug */ = {
			isa = XCBuildConfiguration;
			buildSettings = {
				ALWAYS_SEARCH_USER_PATHS = NO;
				CLANG_ANALYZER_NONNULL = YES;
				CLANG_ANALYZER_NUMBER_OBJECT_CONVERSION = YES_AGGRESSIVE;
				CLANG_CXX_LANGUAGE_STANDARD = "gnu++20";
				CLANG_ENABLE_MODULES = YES;
				CLANG_ENABLE_OBJC_ARC = YES;
				CLANG_ENABLE_OBJC_WEAK = YES;
				CLANG_WARN_BLOCK_CAPTURE_AUTORELEASING = YES;
				CLANG_WARN_BOOL_CONVERSION = YES;
				CLANG_WARN_COMMA = YES;
				CLANG_WARN_CONSTANT_CONVERSION = YES;
				CLANG_WARN_DEPRECATED_OBJC_IMPLEMENTATIONS = YES;
				CLANG_WARN_DIRECT_OBJC_ISA_USAGE = YES_ERROR;
				CLANG_WARN_DOCUMENTATION_COMMENTS = YES;
				CLANG_WARN_EMPTY_BODY = YES;
				CLANG_WARN_ENUM_CONVERSION = YES;
				CLANG_WARN_INFINITE_RECURSION = YES;
				CLANG_WARN_INT_CONVERSION = YES;
				CLANG_WARN_NON_LITERAL_NULL_CONVERSION = YES;
				CLANG_WARN_OBJC_IMPLICIT_RETAIN_SELF = YES;
				CLANG_WARN_OBJC_LITERAL_CONVERSION = YES;
				CLANG_WARN_OBJC_ROOT_CLASS = YES_ERROR;
				CLANG_WARN_QUOTED_INCLUDE_IN_FRAMEWORK_HEADER = YES;
				CLANG_WARN_RANGE_LOOP_ANALYSIS = YES;
				CLANG_WARN_STRICT_PROTOTYPES = YES;
				CLANG_WARN_SUSPICIOUS_MOVE = YES;
				CLANG_WARN_UNGUARDED_AVAILABILITY = YES_AGGRESSIVE;
				CLANG_WARN_UNREACHABLE_CODE = YES;
				CLANG_WARN__DUPLICATE_METHOD_MATCH = YES;
				COPY_PHASE_STRIP = NO;
				DEBUG_INFORMATION_FORMAT = dwarf;
				ENABLE_STRICT_OBJC_MSGSEND = YES;
				ENABLE_TESTABILITY = YES;
				GCC_C_LANGUAGE_STANDARD = gnu11;
				GCC_DYNAMIC_NO_PIC = NO;
				GCC_NO_COMMON_BLOCKS = YES;
				GCC_OPTIMIZATION_LEVEL = 0;
				GCC_PREPROCESSOR_DEFINITIONS = (
					"DEBUG=1",
					"$(inherited)",
				);
				GCC_WARN_64_TO_32_BIT_CONVERSION = YES;
				GCC_WARN_ABOUT_RETURN_TYPE = YES_ERROR;
				GCC_WARN_UNDECLARED_SELECTOR = YES;
				GCC_WARN_UNINITIALIZED_AUTOS = YES_AGGRESSIVE;
				GCC_WARN_UNUSED_FUNCTION = YES;
				GCC_WARN_UNUSED_VARIABLE = YES;
				IPHONEOS_DEPLOYMENT_TARGET = 16.0;
				MTL_ENABLE_DEBUG_INFO = INCLUDE_SOURCE;
				MTL_FAST_MATH = YES;
				ONLY_ACTIVE_ARCH = YES;
				SDKROOT = iphoneos;
				SWIFT_ACTIVE_COMPILATION_CONDITIONS = DEBUG;
				SWIFT_OPTIMIZATION_LEVEL = "-Onone";
			};
			name = Debug;
		};
		567EA0962A5EEB58005DD8B6 /* Release */ = {
			isa = XCBuildConfiguration;
			buildSettings = {
				ALWAYS_SEARCH_USER_PATHS = NO;
				CLANG_ANALYZER_NONNULL = YES;
				CLANG_ANALYZER_NUMBER_OBJECT_CONVERSION = YES_AGGRESSIVE;
				CLANG_CXX_LANGUAGE_STANDARD = "gnu++20";
				CLANG_ENABLE_MODULES = YES;
				CLANG_ENABLE_OBJC_ARC = YES;
				CLANG_ENABLE_OBJC_WEAK = YES;
				CLANG_WARN_BLOCK_CAPTURE_AUTORELEASING = YES;
				CLANG_WARN_BOOL_CONVERSION = YES;
				CLANG_WARN_COMMA = YES;
				CLANG_WARN_CONSTANT_CONVERSION = YES;
				CLANG_WARN_DEPRECATED_OBJC_IMPLEMENTATIONS = YES;
				CLANG_WARN_DIRECT_OBJC_ISA_USAGE = YES_ERROR;
				CLANG_WARN_DOCUMENTATION_COMMENTS = YES;
				CLANG_WARN_EMPTY_BODY = YES;
				CLANG_WARN_ENUM_CONVERSION = YES;
				CLANG_WARN_INFINITE_RECURSION = YES;
				CLANG_WARN_INT_CONVERSION = YES;
				CLANG_WARN_NON_LITERAL_NULL_CONVERSION = YES;
				CLANG_WARN_OBJC_IMPLICIT_RETAIN_SELF = YES;
				CLANG_WARN_OBJC_LITERAL_CONVERSION = YES;
				CLANG_WARN_OBJC_ROOT_CLASS = YES_ERROR;
				CLANG_WARN_QUOTED_INCLUDE_IN_FRAMEWORK_HEADER = YES;
				CLANG_WARN_RANGE_LOOP_ANALYSIS = YES;
				CLANG_WARN_STRICT_PROTOTYPES = YES;
				CLANG_WARN_SUSPICIOUS_MOVE = YES;
				CLANG_WARN_UNGUARDED_AVAILABILITY = YES_AGGRESSIVE;
				CLANG_WARN_UNREACHABLE_CODE = YES;
				CLANG_WARN__DUPLICATE_METHOD_MATCH = YES;
				COPY_PHASE_STRIP = NO;
				DEBUG_INFORMATION_FORMAT = "dwarf-with-dsym";
				ENABLE_NS_ASSERTIONS = NO;
				ENABLE_STRICT_OBJC_MSGSEND = YES;
				GCC_C_LANGUAGE_STANDARD = gnu11;
				GCC_NO_COMMON_BLOCKS = YES;
				GCC_WARN_64_TO_32_BIT_CONVERSION = YES;
				GCC_WARN_ABOUT_RETURN_TYPE = YES_ERROR;
				GCC_WARN_UNDECLARED_SELECTOR = YES;
				GCC_WARN_UNINITIALIZED_AUTOS = YES_AGGRESSIVE;
				GCC_WARN_UNUSED_FUNCTION = YES;
				GCC_WARN_UNUSED_VARIABLE = YES;
				IPHONEOS_DEPLOYMENT_TARGET = 16.0;
				MTL_ENABLE_DEBUG_INFO = NO;
				MTL_FAST_MATH = YES;
				SDKROOT = iphoneos;
				SWIFT_COMPILATION_MODE = wholemodule;
				SWIFT_OPTIMIZATION_LEVEL = "-O";
				VALIDATE_PRODUCT = YES;
			};
			name = Release;
		};
		567EA0982A5EEB58005DD8B6 /* Debug */ = {
			isa = XCBuildConfiguration;
			baseConfigurationReference = B043B06D5BB5EF4C9266D9A8 /* Pods-PizzaCalculator.debug.xcconfig */;
			buildSettings = {
				ASSETCATALOG_COMPILER_APPICON_NAME = AppIcon;
				ASSETCATALOG_COMPILER_GLOBAL_ACCENT_COLOR_NAME = AccentColor;
				CODE_SIGN_STYLE = Automatic;
				CURRENT_PROJECT_VERSION = 1;
				DEVELOPMENT_TEAM = 5MRE2AY865;
				GENERATE_INFOPLIST_FILE = YES;
				INFOPLIST_FILE = PizzaCalculator/Info.plist;
				INFOPLIST_KEY_UIApplicationSupportsIndirectInputEvents = YES;
				INFOPLIST_KEY_UILaunchStoryboardName = LaunchScreen;
				INFOPLIST_KEY_UIMainStoryboardFile = Main;
				INFOPLIST_KEY_UISupportedInterfaceOrientations_iPad = "UIInterfaceOrientationPortrait UIInterfaceOrientationPortraitUpsideDown UIInterfaceOrientationLandscapeLeft UIInterfaceOrientationLandscapeRight";
				INFOPLIST_KEY_UISupportedInterfaceOrientations_iPhone = "UIInterfaceOrientationPortrait UIInterfaceOrientationLandscapeLeft UIInterfaceOrientationLandscapeRight";
				LD_RUNPATH_SEARCH_PATHS = (
					"$(inherited)",
					"@executable_path/Frameworks",
				);
				MARKETING_VERSION = 1.0;
				PRODUCT_BUNDLE_IDENTIFIER = io.pizzacalculator.pizzacalculator.PizzaCalculator;
				PRODUCT_NAME = "$(TARGET_NAME)";
				SWIFT_EMIT_LOC_STRINGS = YES;
				SWIFT_VERSION = 5.0;
				TARGETED_DEVICE_FAMILY = "1,2";
			};
			name = Debug;
		};
		567EA0992A5EEB58005DD8B6 /* Release */ = {
			isa = XCBuildConfiguration;
			baseConfigurationReference = 5F30EECDFE050905F1D5AF0F /* Pods-PizzaCalculator.release.xcconfig */;
			buildSettings = {
				ASSETCATALOG_COMPILER_APPICON_NAME = AppIcon;
				ASSETCATALOG_COMPILER_GLOBAL_ACCENT_COLOR_NAME = AccentColor;
				CODE_SIGN_STYLE = Automatic;
				CURRENT_PROJECT_VERSION = 1;
				DEVELOPMENT_TEAM = 5MRE2AY865;
				GENERATE_INFOPLIST_FILE = YES;
				INFOPLIST_FILE = PizzaCalculator/Info.plist;
				INFOPLIST_KEY_UIApplicationSupportsIndirectInputEvents = YES;
				INFOPLIST_KEY_UILaunchStoryboardName = LaunchScreen;
				INFOPLIST_KEY_UIMainStoryboardFile = Main;
				INFOPLIST_KEY_UISupportedInterfaceOrientations_iPad = "UIInterfaceOrientationPortrait UIInterfaceOrientationPortraitUpsideDown UIInterfaceOrientationLandscapeLeft UIInterfaceOrientationLandscapeRight";
				INFOPLIST_KEY_UISupportedInterfaceOrientations_iPhone = "UIInterfaceOrientationPortrait UIInterfaceOrientationLandscapeLeft UIInterfaceOrientationLandscapeRight";
				LD_RUNPATH_SEARCH_PATHS = (
					"$(inherited)",
					"@executable_path/Frameworks",
				);
				MARKETING_VERSION = 1.0;
				PRODUCT_BUNDLE_IDENTIFIER = io.pizzacalculator.pizzacalculator.PizzaCalculator;
				PRODUCT_NAME = "$(TARGET_NAME)";
				SWIFT_EMIT_LOC_STRINGS = YES;
				SWIFT_VERSION = 5.0;
				TARGETED_DEVICE_FAMILY = "1,2";
			};
			name = Release;
		};
/* End XCBuildConfiguration section */

/* Begin XCConfigurationList section */
		567EA07E2A5EEB57005DD8B6 /* Build configuration list for PBXProject "PizzaCalculator" */ = {
			isa = XCConfigurationList;
			buildConfigurations = (
				567EA0952A5EEB58005DD8B6 /* Debug */,
				567EA0962A5EEB58005DD8B6 /* Release */,
			);
			defaultConfigurationIsVisible = 0;
			defaultConfigurationName = Release;
		};
		567EA0972A5EEB58005DD8B6 /* Build configuration list for PBXNativeTarget "PizzaCalculator" */ = {
			isa = XCConfigurationList;
			buildConfigurations = (
				567EA0982A5EEB58005DD8B6 /* Debug */,
				567EA0992A5EEB58005DD8B6 /* Release */,
			);
			defaultConfigurationIsVisible = 0;
			defaultConfigurationName = Release;
		};
/* End XCConfigurationList section */
	};
	rootObject = 567EA07B2A5EEB57005DD8B6 /* Project object */;
}
